
Microsoft Visual Studio Solution File, Format Version 12.00
# Visual Studio Version 17
VisualStudioVersion = 17.8.34330.188
MinimumVisualStudioVersion = 10.0.40219.1
Project("{9A19103F-16F7-4668-BE54-9A1E7A4F7556}") = "WindowsX.Shell", "WindowsX.Shell\WindowsX.Shell.csproj", "{4D9E8826-8968-43D6-BDC4-6726AA66EDB3}"
EndProject
Project("{8BC9CEB8-8B4A-11D0-8D11-00A0C91BC942}") = "WindowsX.Core", "WindowsX.Core\WindowsX.Core.vcxproj", "{0AB7C99C-662E-4703-9A49-72555FB139A3}"
EndProject
Project("{9A19103F-16F7-4668-BE54-9A1E7A4F7556}") = "WindowsX.Web", "WindowsX.Web\WindowsX.Web.csproj", "{3A292848-B32E-4D3F-A16D-977E5820950B}"
EndProject
Project("{9A19103F-16F7-4668-BE54-9A1E7A4F7556}") = "WindowsX.DynamicDesktop", "WindowsX.DynamicDesktop\WindowsX.DynamicDesktop.csproj", "{0BC054A1-BFEF-4BE9-B855-F854DDF197DA}"
EndProject
Project("{9A19103F-16F7-4668-BE54-9A1E7A4F7556}") = "WindowsX.Video", "WindowsX.Video\WindowsX.Video.csproj", "{857BA902-4D06-42AD-BB41-11AE6AF570F5}"
EndProject
Project("{9A19103F-16F7-4668-BE54-9A1E7A4F7556}") = "WindowsX.Shell.Test", "WindowsX.Shell.Test\WindowsX.Shell.Test.csproj", "{8D75799A-FAF5-4A81-9401-C8AF012547BE}"
EndProject
Project("{9A19103F-16F7-4668-BE54-9A1E7A4F7556}") = "WindowsX.Config", "WindowsX.Config\WindowsX.Config.csproj", "{1C336F4B-D691-4B4F-8C37-EF95B3876F63}"
EndProject
Project("{9A19103F-16F7-4668-BE54-9A1E7A4F7556}") = "WindowsX.IO", "WindowsX.IO\WindowsX.IO.csproj", "{592E8A4A-38A7-42DD-AD9B-A51E55B07D98}"
EndProject
Project("{2150E333-8FDC-42A3-9474-1A3956D46DE8}") = "Docs", "Docs", "{8C98C198-738D-4567-ADEB-FE921FE389BB}"
	ProjectSection(SolutionItems) = preProject
		BugList.txt = BugList.txt
		ShellAPI.txt = ShellAPI.txt
		ShellCommandsList.txt = ShellCommandsList.txt
	EndProjectSection
EndProject
Project("{9A19103F-16F7-4668-BE54-9A1E7A4F7556}") = "WindowsX.StartMenu.Test", "WindowsX.StartMenu.Test\WindowsX.StartMenu.Test.csproj", "{2348F117-B3F1-4538-AF16-B31BB56EB96D}"
EndProject
Project("{8BC9CEB8-8B4A-11D0-8D11-00A0C91BC942}") = "WindowsX.Core.ShellHook", "WindowsX.Core.ShellHook\WindowsX.Core.ShellHook.vcxproj", "{80192AE5-AF1E-4A0A-B799-00EFC4199172}"
EndProject
Project("{9A19103F-16F7-4668-BE54-9A1E7A4F7556}") = "WindowsX.AdminTask", "WindowsX.AdminTask\WindowsX.AdminTask.csproj", "{47572A60-B35F-4911-A828-273C243E3879}"
EndProject
Project("{9A19103F-16F7-4668-BE54-9A1E7A4F7556}") = "WindowsX.WebTests", "WindowsX.WebTests\WindowsX.WebTests.csproj", "{97B136B8-BF93-4304-9636-DEBD6A44BF65}"
EndProject
Project("{9A19103F-16F7-4668-BE54-9A1E7A4F7556}") = "WindowsX.ConfigTests", "WindowsX.ConfigTests\WindowsX.ConfigTests.csproj", "{DDE67589-A7E1-4FE2-B997-9F22282BAB2F}"
EndProject
Project("{8BC9CEB8-8B4A-11D0-8D11-00A0C91BC942}") = "WindowsX.Core.Tests", "WindowsX.Core.Tests\WindowsX.Core.Tests.vcxproj", "{7E9B18D5-DC71-4518-ABCE-B1F7984AD54C}"
EndProject
Project("{9A19103F-16F7-4668-BE54-9A1E7A4F7556}") = "WindowsX.ShellTests", "WindowsX.ShellTests\WindowsX.ShellTests.csproj", "{22C86D9C-038A-466F-B03A-C8B7E7D18F10}"
EndProject
Project("{8BC9CEB8-8B4A-11D0-8D11-00A0C91BC942}") = "WindowsX.Core.ShellHook.Tests", "WindowsX.Core.ShellHook.Tests\WindowsX.Core.ShellHook.Tests.vcxproj", "{6346FE5F-C20F-44EB-9BA2-18A81CC6F822}"
EndProject
Global
	GlobalSection(SolutionConfigurationPlatforms) = preSolution
		Debug|Any CPU = Debug|Any CPU
		Debug|x64 = Debug|x64
		Debug|x86 = Debug|x86
		Release|Any CPU = Release|Any CPU
		Release|x64 = Release|x64
		Release|x86 = Release|x86
	EndGlobalSection
	GlobalSection(ProjectConfigurationPlatforms) = postSolution
		{4D9E8826-8968-43D6-BDC4-6726AA66EDB3}.Debug|Any CPU.ActiveCfg = Debug|Any CPU
		{4D9E8826-8968-43D6-BDC4-6726AA66EDB3}.Debug|Any CPU.Build.0 = Debug|Any CPU
		{4D9E8826-8968-43D6-BDC4-6726AA66EDB3}.Debug|x64.ActiveCfg = Debug|Any CPU
		{4D9E8826-8968-43D6-BDC4-6726AA66EDB3}.Debug|x64.Build.0 = Debug|Any CPU
		{4D9E8826-8968-43D6-BDC4-6726AA66EDB3}.Debug|x86.ActiveCfg = Debug|Any CPU
		{4D9E8826-8968-43D6-BDC4-6726AA66EDB3}.Debug|x86.Build.0 = Debug|Any CPU
		{4D9E8826-8968-43D6-BDC4-6726AA66EDB3}.Release|Any CPU.ActiveCfg = Release|Any CPU
		{4D9E8826-8968-43D6-BDC4-6726AA66EDB3}.Release|Any CPU.Build.0 = Release|Any CPU
		{4D9E8826-8968-43D6-BDC4-6726AA66EDB3}.Release|x64.ActiveCfg = Release|Any CPU
		{4D9E8826-8968-43D6-BDC4-6726AA66EDB3}.Release|x64.Build.0 = Release|Any CPU
		{4D9E8826-8968-43D6-BDC4-6726AA66EDB3}.Release|x86.ActiveCfg = Release|Any CPU
		{4D9E8826-8968-43D6-BDC4-6726AA66EDB3}.Release|x86.Build.0 = Release|Any CPU
		{0AB7C99C-662E-4703-9A49-72555FB139A3}.Debug|Any CPU.ActiveCfg = Debug|Win32
		{0AB7C99C-662E-4703-9A49-72555FB139A3}.Debug|x64.ActiveCfg = Debug|x64
		{0AB7C99C-662E-4703-9A49-72555FB139A3}.Debug|x64.Build.0 = Debug|x64
		{0AB7C99C-662E-4703-9A49-72555FB139A3}.Debug|x86.ActiveCfg = Debug|Win32
		{0AB7C99C-662E-4703-9A49-72555FB139A3}.Debug|x86.Build.0 = Debug|Win32
		{0AB7C99C-662E-4703-9A49-72555FB139A3}.Release|Any CPU.ActiveCfg = Release|Win32
		{0AB7C99C-662E-4703-9A49-72555FB139A3}.Release|x64.ActiveCfg = Release|x64
		{0AB7C99C-662E-4703-9A49-72555FB139A3}.Release|x64.Build.0 = Release|x64
		{0AB7C99C-662E-4703-9A49-72555FB139A3}.Release|x86.ActiveCfg = Release|Win32
		{0AB7C99C-662E-4703-9A49-72555FB139A3}.Release|x86.Build.0 = Release|Win32
		{3A292848-B32E-4D3F-A16D-977E5820950B}.Debug|Any CPU.ActiveCfg = Debug|Any CPU
		{3A292848-B32E-4D3F-A16D-977E5820950B}.Debug|Any CPU.Build.0 = Debug|Any CPU
		{3A292848-B32E-4D3F-A16D-977E5820950B}.Debug|x64.ActiveCfg = Debug|Any CPU
		{3A292848-B32E-4D3F-A16D-977E5820950B}.Debug|x64.Build.0 = Debug|Any CPU
		{3A292848-B32E-4D3F-A16D-977E5820950B}.Debug|x86.ActiveCfg = Debug|Any CPU
		{3A292848-B32E-4D3F-A16D-977E5820950B}.Debug|x86.Build.0 = Debug|Any CPU
		{3A292848-B32E-4D3F-A16D-977E5820950B}.Release|Any CPU.ActiveCfg = Release|Any CPU
		{3A292848-B32E-4D3F-A16D-977E5820950B}.Release|Any CPU.Build.0 = Release|Any CPU
		{3A292848-B32E-4D3F-A16D-977E5820950B}.Release|x64.ActiveCfg = Release|Any CPU
		{3A292848-B32E-4D3F-A16D-977E5820950B}.Release|x64.Build.0 = Release|Any CPU
		{3A292848-B32E-4D3F-A16D-977E5820950B}.Release|x86.ActiveCfg = Release|Any CPU
		{3A292848-B32E-4D3F-A16D-977E5820950B}.Release|x86.Build.0 = Release|Any CPU
		{0BC054A1-BFEF-4BE9-B855-F854DDF197DA}.Debug|Any CPU.ActiveCfg = Debug|Any CPU
		{0BC054A1-BFEF-4BE9-B855-F854DDF197DA}.Debug|Any CPU.Build.0 = Debug|Any CPU
		{0BC054A1-BFEF-4BE9-B855-F854DDF197DA}.Debug|x64.ActiveCfg = Debug|Any CPU
		{0BC054A1-BFEF-4BE9-B855-F854DDF197DA}.Debug|x64.Build.0 = Debug|Any CPU
		{0BC054A1-BFEF-4BE9-B855-F854DDF197DA}.Debug|x86.ActiveCfg = Debug|Any CPU
		{0BC054A1-BFEF-4BE9-B855-F854DDF197DA}.Debug|x86.Build.0 = Debug|Any CPU
		{0BC054A1-BFEF-4BE9-B855-F854DDF197DA}.Release|Any CPU.ActiveCfg = Release|Any CPU
		{0BC054A1-BFEF-4BE9-B855-F854DDF197DA}.Release|Any CPU.Build.0 = Release|Any CPU
		{0BC054A1-BFEF-4BE9-B855-F854DDF197DA}.Release|x64.ActiveCfg = Release|Any CPU
		{0BC054A1-BFEF-4BE9-B855-F854DDF197DA}.Release|x64.Build.0 = Release|Any CPU
		{0BC054A1-BFEF-4BE9-B855-F854DDF197DA}.Release|x86.ActiveCfg = Release|Any CPU
		{0BC054A1-BFEF-4BE9-B855-F854DDF197DA}.Release|x86.Build.0 = Release|Any CPU
		{857BA902-4D06-42AD-BB41-11AE6AF570F5}.Debug|Any CPU.ActiveCfg = Debug|Any CPU
		{857BA902-4D06-42AD-BB41-11AE6AF570F5}.Debug|Any CPU.Build.0 = Debug|Any CPU
		{857BA902-4D06-42AD-BB41-11AE6AF570F5}.Debug|x64.ActiveCfg = Debug|Any CPU
		{857BA902-4D06-42AD-BB41-11AE6AF570F5}.Debug|x64.Build.0 = Debug|Any CPU
		{857BA902-4D06-42AD-BB41-11AE6AF570F5}.Debug|x86.ActiveCfg = Debug|Any CPU
		{857BA902-4D06-42AD-BB41-11AE6AF570F5}.Debug|x86.Build.0 = Debug|Any CPU
		{857BA902-4D06-42AD-BB41-11AE6AF570F5}.Release|Any CPU.ActiveCfg = Release|Any CPU
		{857BA902-4D06-42AD-BB41-11AE6AF570F5}.Release|Any CPU.Build.0 = Release|Any CPU
		{857BA902-4D06-42AD-BB41-11AE6AF570F5}.Release|x64.ActiveCfg = Release|Any CPU
		{857BA902-4D06-42AD-BB41-11AE6AF570F5}.Release|x64.Build.0 = Release|Any CPU
		{857BA902-4D06-42AD-BB41-11AE6AF570F5}.Release|x86.ActiveCfg = Release|Any CPU
		{857BA902-4D06-42AD-BB41-11AE6AF570F5}.Release|x86.Build.0 = Release|Any CPU
		{8D75799A-FAF5-4A81-9401-C8AF012547BE}.Debug|Any CPU.ActiveCfg = Debug|Any CPU
		{8D75799A-FAF5-4A81-9401-C8AF012547BE}.Debug|Any CPU.Build.0 = Debug|Any CPU
		{8D75799A-FAF5-4A81-9401-C8AF012547BE}.Debug|x64.ActiveCfg = Debug|Any CPU
		{8D75799A-FAF5-4A81-9401-C8AF012547BE}.Debug|x64.Build.0 = Debug|Any CPU
		{8D75799A-FAF5-4A81-9401-C8AF012547BE}.Debug|x86.ActiveCfg = Debug|Any CPU
		{8D75799A-FAF5-4A81-9401-C8AF012547BE}.Debug|x86.Build.0 = Debug|Any CPU
		{8D75799A-FAF5-4A81-9401-C8AF012547BE}.Release|Any CPU.ActiveCfg = Release|Any CPU
		{8D75799A-FAF5-4A81-9401-C8AF012547BE}.Release|Any CPU.Build.0 = Release|Any CPU
		{8D75799A-FAF5-4A81-9401-C8AF012547BE}.Release|x64.ActiveCfg = Release|Any CPU
		{8D75799A-FAF5-4A81-9401-C8AF012547BE}.Release|x64.Build.0 = Release|Any CPU
		{8D75799A-FAF5-4A81-9401-C8AF012547BE}.Release|x86.ActiveCfg = Release|Any CPU
		{8D75799A-FAF5-4A81-9401-C8AF012547BE}.Release|x86.Build.0 = Release|Any CPU
		{1C336F4B-D691-4B4F-8C37-EF95B3876F63}.Debug|Any CPU.ActiveCfg = Debug|Any CPU
		{1C336F4B-D691-4B4F-8C37-EF95B3876F63}.Debug|Any CPU.Build.0 = Debug|Any CPU
		{1C336F4B-D691-4B4F-8C37-EF95B3876F63}.Debug|x64.ActiveCfg = Debug|Any CPU
		{1C336F4B-D691-4B4F-8C37-EF95B3876F63}.Debug|x64.Build.0 = Debug|Any CPU
		{1C336F4B-D691-4B4F-8C37-EF95B3876F63}.Debug|x86.ActiveCfg = Debug|Any CPU
		{1C336F4B-D691-4B4F-8C37-EF95B3876F63}.Debug|x86.Build.0 = Debug|Any CPU
		{1C336F4B-D691-4B4F-8C37-EF95B3876F63}.Release|Any CPU.ActiveCfg = Release|Any CPU
		{1C336F4B-D691-4B4F-8C37-EF95B3876F63}.Release|Any CPU.Build.0 = Release|Any CPU
		{1C336F4B-D691-4B4F-8C37-EF95B3876F63}.Release|x64.ActiveCfg = Release|Any CPU
		{1C336F4B-D691-4B4F-8C37-EF95B3876F63}.Release|x64.Build.0 = Release|Any CPU
		{1C336F4B-D691-4B4F-8C37-EF95B3876F63}.Release|x86.ActiveCfg = Release|Any CPU
		{1C336F4B-D691-4B4F-8C37-EF95B3876F63}.Release|x86.Build.0 = Release|Any CPU
		{592E8A4A-38A7-42DD-AD9B-A51E55B07D98}.Debug|Any CPU.ActiveCfg = Debug|Any CPU
		{592E8A4A-38A7-42DD-AD9B-A51E55B07D98}.Debug|Any CPU.Build.0 = Debug|Any CPU
		{592E8A4A-38A7-42DD-AD9B-A51E55B07D98}.Debug|x64.ActiveCfg = Debug|Any CPU
		{592E8A4A-38A7-42DD-AD9B-A51E55B07D98}.Debug|x64.Build.0 = Debug|Any CPU
		{592E8A4A-38A7-42DD-AD9B-A51E55B07D98}.Debug|x86.ActiveCfg = Debug|Any CPU
		{592E8A4A-38A7-42DD-AD9B-A51E55B07D98}.Debug|x86.Build.0 = Debug|Any CPU
		{592E8A4A-38A7-42DD-AD9B-A51E55B07D98}.Release|Any CPU.ActiveCfg = Release|Any CPU
		{592E8A4A-38A7-42DD-AD9B-A51E55B07D98}.Release|Any CPU.Build.0 = Release|Any CPU
		{592E8A4A-38A7-42DD-AD9B-A51E55B07D98}.Release|x64.ActiveCfg = Release|Any CPU
		{592E8A4A-38A7-42DD-AD9B-A51E55B07D98}.Release|x64.Build.0 = Release|Any CPU
		{592E8A4A-38A7-42DD-AD9B-A51E55B07D98}.Release|x86.ActiveCfg = Release|Any CPU
		{592E8A4A-38A7-42DD-AD9B-A51E55B07D98}.Release|x86.Build.0 = Release|Any CPU
		{2348F117-B3F1-4538-AF16-B31BB56EB96D}.Debug|Any CPU.ActiveCfg = Debug|Any CPU
		{2348F117-B3F1-4538-AF16-B31BB56EB96D}.Debug|Any CPU.Build.0 = Debug|Any CPU
		{2348F117-B3F1-4538-AF16-B31BB56EB96D}.Debug|x64.ActiveCfg = Debug|Any CPU
		{2348F117-B3F1-4538-AF16-B31BB56EB96D}.Debug|x64.Build.0 = Debug|Any CPU
		{2348F117-B3F1-4538-AF16-B31BB56EB96D}.Debug|x86.ActiveCfg = Debug|Any CPU
		{2348F117-B3F1-4538-AF16-B31BB56EB96D}.Debug|x86.Build.0 = Debug|Any CPU
		{2348F117-B3F1-4538-AF16-B31BB56EB96D}.Release|Any CPU.ActiveCfg = Release|Any CPU
		{2348F117-B3F1-4538-AF16-B31BB56EB96D}.Release|Any CPU.Build.0 = Release|Any CPU
		{2348F117-B3F1-4538-AF16-B31BB56EB96D}.Release|x64.ActiveCfg = Release|Any CPU
		{2348F117-B3F1-4538-AF16-B31BB56EB96D}.Release|x64.Build.0 = Release|Any CPU
		{2348F117-B3F1-4538-AF16-B31BB56EB96D}.Release|x86.ActiveCfg = Release|Any CPU
		{2348F117-B3F1-4538-AF16-B31BB56EB96D}.Release|x86.Build.0 = Release|Any CPU
		{80192AE5-AF1E-4A0A-B799-00EFC4199172}.Debug|Any CPU.ActiveCfg = Debug|Win32
		{80192AE5-AF1E-4A0A-B799-00EFC4199172}.Debug|x64.ActiveCfg = Debug|x64
		{80192AE5-AF1E-4A0A-B799-00EFC4199172}.Debug|x64.Build.0 = Debug|x64
		{80192AE5-AF1E-4A0A-B799-00EFC4199172}.Debug|x86.ActiveCfg = Debug|Win32
		{80192AE5-AF1E-4A0A-B799-00EFC4199172}.Debug|x86.Build.0 = Debug|Win32
		{80192AE5-AF1E-4A0A-B799-00EFC4199172}.Release|Any CPU.ActiveCfg = Release|Win32
		{80192AE5-AF1E-4A0A-B799-00EFC4199172}.Release|x64.ActiveCfg = Release|x64
		{80192AE5-AF1E-4A0A-B799-00EFC4199172}.Release|x64.Build.0 = Release|x64
		{80192AE5-AF1E-4A0A-B799-00EFC4199172}.Release|x86.ActiveCfg = Release|Win32
		{80192AE5-AF1E-4A0A-B799-00EFC4199172}.Release|x86.Build.0 = Release|Win32
		{47572A60-B35F-4911-A828-273C243E3879}.Debug|Any CPU.ActiveCfg = Debug|Any CPU
		{47572A60-B35F-4911-A828-273C243E3879}.Debug|Any CPU.Build.0 = Debug|Any CPU
		{47572A60-B35F-4911-A828-273C243E3879}.Debug|x64.ActiveCfg = Debug|Any CPU
		{47572A60-B35F-4911-A828-273C243E3879}.Debug|x64.Build.0 = Debug|Any CPU
		{47572A60-B35F-4911-A828-273C243E3879}.Debug|x86.ActiveCfg = Debug|Any CPU
		{47572A60-B35F-4911-A828-273C243E3879}.Debug|x86.Build.0 = Debug|Any CPU
		{47572A60-B35F-4911-A828-273C243E3879}.Release|Any CPU.ActiveCfg = Release|Any CPU
		{47572A60-B35F-4911-A828-273C243E3879}.Release|Any CPU.Build.0 = Release|Any CPU
		{47572A60-B35F-4911-A828-273C243E3879}.Release|x64.ActiveCfg = Release|Any CPU
		{47572A60-B35F-4911-A828-273C243E3879}.Release|x64.Build.0 = Release|Any CPU
		{47572A60-B35F-4911-A828-273C243E3879}.Release|x86.ActiveCfg = Release|Any CPU
		{47572A60-B35F-4911-A828-273C243E3879}.Release|x86.Build.0 = Release|Any CPU
		{97B136B8-BF93-4304-9636-DEBD6A44BF65}.Debug|Any CPU.ActiveCfg = Debug|Any CPU
		{97B136B8-BF93-4304-9636-DEBD6A44BF65}.Debug|Any CPU.Build.0 = Debug|Any CPU
		{97B136B8-BF93-4304-9636-DEBD6A44BF65}.Debug|x64.ActiveCfg = Debug|Any CPU
		{97B136B8-BF93-4304-9636-DEBD6A44BF65}.Debug|x64.Build.0 = Debug|Any CPU
		{97B136B8-BF93-4304-9636-DEBD6A44BF65}.Debug|x86.ActiveCfg = Debug|Any CPU
		{97B136B8-BF93-4304-9636-DEBD6A44BF65}.Debug|x86.Build.0 = Debug|Any CPU
		{97B136B8-BF93-4304-9636-DEBD6A44BF65}.Release|Any CPU.ActiveCfg = Release|Any CPU
		{97B136B8-BF93-4304-9636-DEBD6A44BF65}.Release|Any CPU.Build.0 = Release|Any CPU
		{97B136B8-BF93-4304-9636-DEBD6A44BF65}.Release|x64.ActiveCfg = Release|Any CPU
		{97B136B8-BF93-4304-9636-DEBD6A44BF65}.Release|x64.Build.0 = Release|Any CPU
		{97B136B8-BF93-4304-9636-DEBD6A44BF65}.Release|x86.ActiveCfg = Release|Any CPU
		{97B136B8-BF93-4304-9636-DEBD6A44BF65}.Release|x86.Build.0 = Release|Any CPU
		{DDE67589-A7E1-4FE2-B997-9F22282BAB2F}.Debug|Any CPU.ActiveCfg = Debug|Any CPU
		{DDE67589-A7E1-4FE2-B997-9F22282BAB2F}.Debug|Any CPU.Build.0 = Debug|Any CPU
		{DDE67589-A7E1-4FE2-B997-9F22282BAB2F}.Debug|x64.ActiveCfg = Debug|Any CPU
		{DDE67589-A7E1-4FE2-B997-9F22282BAB2F}.Debug|x64.Build.0 = Debug|Any CPU
		{DDE67589-A7E1-4FE2-B997-9F22282BAB2F}.Debug|x86.ActiveCfg = Debug|Any CPU
		{DDE67589-A7E1-4FE2-B997-9F22282BAB2F}.Debug|x86.Build.0 = Debug|Any CPU
		{DDE67589-A7E1-4FE2-B997-9F22282BAB2F}.Release|Any CPU.ActiveCfg = Release|Any CPU
		{DDE67589-A7E1-4FE2-B997-9F22282BAB2F}.Release|Any CPU.Build.0 = Release|Any CPU
		{DDE67589-A7E1-4FE2-B997-9F22282BAB2F}.Release|x64.ActiveCfg = Release|Any CPU
		{DDE67589-A7E1-4FE2-B997-9F22282BAB2F}.Release|x64.Build.0 = Release|Any CPU
		{DDE67589-A7E1-4FE2-B997-9F22282BAB2F}.Release|x86.ActiveCfg = Release|Any CPU
		{DDE67589-A7E1-4FE2-B997-9F22282BAB2F}.Release|x86.Build.0 = Release|Any CPU
		{7E9B18D5-DC71-4518-ABCE-B1F7984AD54C}.Debug|Any CPU.ActiveCfg = Debug|Win32
		{7E9B18D5-DC71-4518-ABCE-B1F7984AD54C}.Debug|x64.ActiveCfg = Debug|x64
		{7E9B18D5-DC71-4518-ABCE-B1F7984AD54C}.Debug|x64.Build.0 = Debug|x64
		{7E9B18D5-DC71-4518-ABCE-B1F7984AD54C}.Debug|x86.ActiveCfg = Debug|Win32
		{7E9B18D5-DC71-4518-ABCE-B1F7984AD54C}.Debug|x86.Build.0 = Debug|Win32
		{7E9B18D5-DC71-4518-ABCE-B1F7984AD54C}.Release|Any CPU.ActiveCfg = Release|Win32
		{7E9B18D5-DC71-4518-ABCE-B1F7984AD54C}.Release|x64.ActiveCfg = Release|x64
		{7E9B18D5-DC71-4518-ABCE-B1F7984AD54C}.Release|x64.Build.0 = Release|x64
		{7E9B18D5-DC71-4518-ABCE-B1F7984AD54C}.Release|x86.ActiveCfg = Release|Win32
		{7E9B18D5-DC71-4518-ABCE-B1F7984AD54C}.Release|x86.Build.0 = Release|Win32
		{22C86D9C-038A-466F-B03A-C8B7E7D18F10}.Debug|Any CPU.ActiveCfg = Debug|Any CPU
		{22C86D9C-038A-466F-B03A-C8B7E7D18F10}.Debug|Any CPU.Build.0 = Debug|Any CPU
		{22C86D9C-038A-466F-B03A-C8B7E7D18F10}.Debug|x64.ActiveCfg = Debug|Any CPU
		{22C86D9C-038A-466F-B03A-C8B7E7D18F10}.Debug|x64.Build.0 = Debug|Any CPU
		{22C86D9C-038A-466F-B03A-C8B7E7D18F10}.Debug|x86.ActiveCfg = Debug|Any CPU
		{22C86D9C-038A-466F-B03A-C8B7E7D18F10}.Debug|x86.Build.0 = Debug|Any CPU
		{22C86D9C-038A-466F-B03A-C8B7E7D18F10}.Release|Any CPU.ActiveCfg = Release|Any CPU
		{22C86D9C-038A-466F-B03A-C8B7E7D18F10}.Release|Any CPU.Build.0 = Release|Any CPU
		{22C86D9C-038A-466F-B03A-C8B7E7D18F10}.Release|x64.ActiveCfg = Release|Any CPU
		{22C86D9C-038A-466F-B03A-C8B7E7D18F10}.Release|x64.Build.0 = Release|Any CPU
		{22C86D9C-038A-466F-B03A-C8B7E7D18F10}.Release|x86.ActiveCfg = Release|Any CPU
		{22C86D9C-038A-466F-B03A-C8B7E7D18F10}.Release|x86.Build.0 = Release|Any CPU
		{6346FE5F-C20F-44EB-9BA2-18A81CC6F822}.Debug|Any CPU.ActiveCfg = Debug|x64
		{6346FE5F-C20F-44EB-9BA2-18A81CC6F822}.Debug|Any CPU.Build.0 = Debug|x64
		{6346FE5F-C20F-44EB-9BA2-18A81CC6F822}.Debug|x64.ActiveCfg = Debug|x64
		{6346FE5F-C20F-44EB-9BA2-18A81CC6F822}.Debug|x64.Build.0 = Debug|x64
		{6346FE5F-C20F-44EB-9BA2-18A81CC6F822}.Debug|x86.ActiveCfg = Debug|Win32
		{6346FE5F-C20F-44EB-9BA2-18A81CC6F822}.Debug|x86.Build.0 = Debug|Win32
		{6346FE5F-C20F-44EB-9BA2-18A81CC6F822}.Release|Any CPU.ActiveCfg = Release|x64
		{6346FE5F-C20F-44EB-9BA2-18A81CC6F822}.Release|Any CPU.Build.0 = Release|x64
		{6346FE5F-C20F-44EB-9BA2-18A81CC6F822}.Release|x64.ActiveCfg = Release|x64
		{6346FE5F-C20F-44EB-9BA2-18A81CC6F822}.Release|x64.Build.0 = Release|x64
		{6346FE5F-C20F-44EB-9BA2-18A81CC6F822}.Release|x86.ActiveCfg = Release|Win32
		{6346FE5F-C20F-44EB-9BA2-18A81CC6F822}.Release|x86.Build.0 = Release|Win32
	EndGlobalSection
	GlobalSection(SolutionProperties) = preSolution
		HideSolutionNode = FALSE
	EndGlobalSection
	GlobalSection(ExtensibilityGlobals) = postSolution
		SolutionGuid = {68BEA335-ECFF-489D-A454-7EA32B845EA6}
	EndGlobalSection
EndGlobal
