
Microsoft Visual Studio Solution File, Format Version 12.00
# Visual Studio Version 16
VisualStudioVersion = 16.0.31515.178
MinimumVisualStudioVersion = 10.0.40219.1
Project("{9A19103F-16F7-4668-BE54-9A1E7A4F7556}") = "Master-Zhao.Shell", "Master-Zhao.Shell\Master-Zhao.Shell.csproj", "{4D9E8826-8968-43D6-BDC4-6726AA66EDB3}"
EndProject
Project("{8BC9CEB8-8B4A-11D0-8D11-00A0C91BC942}") = "Master-Zhao.Core", "Master-Zhao.Core\Master-Zhao.Core.vcxproj", "{0AB7C99C-662E-4703-9A49-72555FB139A3}"
EndProject
Project("{8BC9CEB8-8B4A-11D0-8D11-00A0C91BC942}") = "Master-Zhao.Test", "Master-Zhao.Test\Master-Zhao.Test.vcxproj", "{9F8E8BE8-72E4-4E75-94B5-3577AF85FDF7}"
EndProject
Project("{9A19103F-16F7-4668-BE54-9A1E7A4F7556}") = "Master-Zhao.Web", "Master-Zhao.Web\Master-Zhao.Web.csproj", "{3A292848-B32E-4D3F-A16D-977E5820950B}"
EndProject
Project("{9A19103F-16F7-4668-BE54-9A1E7A4F7556}") = "Master-Zhao.DynamicDesktop", "Master-Zhao.DynamicDesktop\Master-Zhao.DynamicDesktop.csproj", "{0BC054A1-BFEF-4BE9-B855-F854DDF197DA}"
EndProject
Project("{9A19103F-16F7-4668-BE54-9A1E7A4F7556}") = "Master-Zhao.Video", "Master-Zhao.Video\Master-Zhao.Video.csproj", "{857BA902-4D06-42AD-BB41-11AE6AF570F5}"
EndProject
Project("{9A19103F-16F7-4668-BE54-9A1E7A4F7556}") = "Master-Zhao.Shell.Test", "Master-Zhao.Shell.Test\Master-Zhao.Shell.Test.csproj", "{8D75799A-FAF5-4A81-9401-C8AF012547BE}"
EndProject
Project("{9A19103F-16F7-4668-BE54-9A1E7A4F7556}") = "Master-Zhao.Config", "Master-Zhao.Config\Master-Zhao.Config.csproj", "{1C336F4B-D691-4B4F-8C37-EF95B3876F63}"
EndProject
Project("{9A19103F-16F7-4668-BE54-9A1E7A4F7556}") = "Master-Zhao.IO", "Master-Zhao.IO\Master-Zhao.IO.csproj", "{592E8A4A-38A7-42DD-AD9B-A51E55B07D98}"
EndProject
Project("{2150E333-8FDC-42A3-9474-1A3956D46DE8}") = "Docs", "Docs", "{8C98C198-738D-4567-ADEB-FE921FE389BB}"
	ProjectSection(SolutionItems) = preProject
		ShellCommandsList.txt = ShellCommandsList.txt
	EndProjectSection
EndProject
Global
	GlobalSection(SolutionConfigurationPlatforms) = preSolution
		Debug|Any CPU = Debug|Any CPU
		Debug|x64 = Debug|x64
		Debug|x86 = Debug|x86
		Release|Any CPU = Release|Any CPU
		Release|x64 = Release|x64
		Release|x86 = Release|x86
	EndGlobalSection
	GlobalSection(ProjectConfigurationPlatforms) = postSolution
		{4D9E8826-8968-43D6-BDC4-6726AA66EDB3}.Debug|Any CPU.ActiveCfg = Debug|Any CPU
		{4D9E8826-8968-43D6-BDC4-6726AA66EDB3}.Debug|Any CPU.Build.0 = Debug|Any CPU
		{4D9E8826-8968-43D6-BDC4-6726AA66EDB3}.Debug|x64.ActiveCfg = Debug|Any CPU
		{4D9E8826-8968-43D6-BDC4-6726AA66EDB3}.Debug|x64.Build.0 = Debug|Any CPU
		{4D9E8826-8968-43D6-BDC4-6726AA66EDB3}.Debug|x86.ActiveCfg = Debug|Any CPU
		{4D9E8826-8968-43D6-BDC4-6726AA66EDB3}.Debug|x86.Build.0 = Debug|Any CPU
		{4D9E8826-8968-43D6-BDC4-6726AA66EDB3}.Release|Any CPU.ActiveCfg = Release|Any CPU
		{4D9E8826-8968-43D6-BDC4-6726AA66EDB3}.Release|Any CPU.Build.0 = Release|Any CPU
		{4D9E8826-8968-43D6-BDC4-6726AA66EDB3}.Release|x64.ActiveCfg = Release|Any CPU
		{4D9E8826-8968-43D6-BDC4-6726AA66EDB3}.Release|x64.Build.0 = Release|Any CPU
		{4D9E8826-8968-43D6-BDC4-6726AA66EDB3}.Release|x86.ActiveCfg = Release|Any CPU
		{4D9E8826-8968-43D6-BDC4-6726AA66EDB3}.Release|x86.Build.0 = Release|Any CPU
		{0AB7C99C-662E-4703-9A49-72555FB139A3}.Debug|Any CPU.ActiveCfg = Debug|Win32
		{0AB7C99C-662E-4703-9A49-72555FB139A3}.Debug|x64.ActiveCfg = Debug|x64
		{0AB7C99C-662E-4703-9A49-72555FB139A3}.Debug|x64.Build.0 = Debug|x64
		{0AB7C99C-662E-4703-9A49-72555FB139A3}.Debug|x86.ActiveCfg = Debug|Win32
		{0AB7C99C-662E-4703-9A49-72555FB139A3}.Debug|x86.Build.0 = Debug|Win32
		{0AB7C99C-662E-4703-9A49-72555FB139A3}.Release|Any CPU.ActiveCfg = Release|Win32
		{0AB7C99C-662E-4703-9A49-72555FB139A3}.Release|x64.ActiveCfg = Release|x64
		{0AB7C99C-662E-4703-9A49-72555FB139A3}.Release|x64.Build.0 = Release|x64
		{0AB7C99C-662E-4703-9A49-72555FB139A3}.Release|x86.ActiveCfg = Release|Win32
		{0AB7C99C-662E-4703-9A49-72555FB139A3}.Release|x86.Build.0 = Release|Win32
		{9F8E8BE8-72E4-4E75-94B5-3577AF85FDF7}.Debug|Any CPU.ActiveCfg = Debug|Win32
		{9F8E8BE8-72E4-4E75-94B5-3577AF85FDF7}.Debug|x64.ActiveCfg = Debug|x64
		{9F8E8BE8-72E4-4E75-94B5-3577AF85FDF7}.Debug|x64.Build.0 = Debug|x64
		{9F8E8BE8-72E4-4E75-94B5-3577AF85FDF7}.Debug|x86.ActiveCfg = Debug|Win32
		{9F8E8BE8-72E4-4E75-94B5-3577AF85FDF7}.Debug|x86.Build.0 = Debug|Win32
		{9F8E8BE8-72E4-4E75-94B5-3577AF85FDF7}.Release|Any CPU.ActiveCfg = Release|Win32
		{9F8E8BE8-72E4-4E75-94B5-3577AF85FDF7}.Release|x64.ActiveCfg = Release|x64
		{9F8E8BE8-72E4-4E75-94B5-3577AF85FDF7}.Release|x64.Build.0 = Release|x64
		{9F8E8BE8-72E4-4E75-94B5-3577AF85FDF7}.Release|x86.ActiveCfg = Release|Win32
		{9F8E8BE8-72E4-4E75-94B5-3577AF85FDF7}.Release|x86.Build.0 = Release|Win32
		{3A292848-B32E-4D3F-A16D-977E5820950B}.Debug|Any CPU.ActiveCfg = Debug|Any CPU
		{3A292848-B32E-4D3F-A16D-977E5820950B}.Debug|Any CPU.Build.0 = Debug|Any CPU
		{3A292848-B32E-4D3F-A16D-977E5820950B}.Debug|x64.ActiveCfg = Debug|Any CPU
		{3A292848-B32E-4D3F-A16D-977E5820950B}.Debug|x64.Build.0 = Debug|Any CPU
		{3A292848-B32E-4D3F-A16D-977E5820950B}.Debug|x86.ActiveCfg = Debug|Any CPU
		{3A292848-B32E-4D3F-A16D-977E5820950B}.Debug|x86.Build.0 = Debug|Any CPU
		{3A292848-B32E-4D3F-A16D-977E5820950B}.Release|Any CPU.ActiveCfg = Release|Any CPU
		{3A292848-B32E-4D3F-A16D-977E5820950B}.Release|Any CPU.Build.0 = Release|Any CPU
		{3A292848-B32E-4D3F-A16D-977E5820950B}.Release|x64.ActiveCfg = Release|Any CPU
		{3A292848-B32E-4D3F-A16D-977E5820950B}.Release|x64.Build.0 = Release|Any CPU
		{3A292848-B32E-4D3F-A16D-977E5820950B}.Release|x86.ActiveCfg = Release|Any CPU
		{3A292848-B32E-4D3F-A16D-977E5820950B}.Release|x86.Build.0 = Release|Any CPU
		{0BC054A1-BFEF-4BE9-B855-F854DDF197DA}.Debug|Any CPU.ActiveCfg = Debug|Any CPU
		{0BC054A1-BFEF-4BE9-B855-F854DDF197DA}.Debug|Any CPU.Build.0 = Debug|Any CPU
		{0BC054A1-BFEF-4BE9-B855-F854DDF197DA}.Debug|x64.ActiveCfg = Debug|Any CPU
		{0BC054A1-BFEF-4BE9-B855-F854DDF197DA}.Debug|x64.Build.0 = Debug|Any CPU
		{0BC054A1-BFEF-4BE9-B855-F854DDF197DA}.Debug|x86.ActiveCfg = Debug|Any CPU
		{0BC054A1-BFEF-4BE9-B855-F854DDF197DA}.Debug|x86.Build.0 = Debug|Any CPU
		{0BC054A1-BFEF-4BE9-B855-F854DDF197DA}.Release|Any CPU.ActiveCfg = Release|Any CPU
		{0BC054A1-BFEF-4BE9-B855-F854DDF197DA}.Release|Any CPU.Build.0 = Release|Any CPU
		{0BC054A1-BFEF-4BE9-B855-F854DDF197DA}.Release|x64.ActiveCfg = Release|Any CPU
		{0BC054A1-BFEF-4BE9-B855-F854DDF197DA}.Release|x64.Build.0 = Release|Any CPU
		{0BC054A1-BFEF-4BE9-B855-F854DDF197DA}.Release|x86.ActiveCfg = Release|Any CPU
		{0BC054A1-BFEF-4BE9-B855-F854DDF197DA}.Release|x86.Build.0 = Release|Any CPU
		{857BA902-4D06-42AD-BB41-11AE6AF570F5}.Debug|Any CPU.ActiveCfg = Debug|Any CPU
		{857BA902-4D06-42AD-BB41-11AE6AF570F5}.Debug|Any CPU.Build.0 = Debug|Any CPU
		{857BA902-4D06-42AD-BB41-11AE6AF570F5}.Debug|x64.ActiveCfg = Debug|Any CPU
		{857BA902-4D06-42AD-BB41-11AE6AF570F5}.Debug|x64.Build.0 = Debug|Any CPU
		{857BA902-4D06-42AD-BB41-11AE6AF570F5}.Debug|x86.ActiveCfg = Debug|Any CPU
		{857BA902-4D06-42AD-BB41-11AE6AF570F5}.Debug|x86.Build.0 = Debug|Any CPU
		{857BA902-4D06-42AD-BB41-11AE6AF570F5}.Release|Any CPU.ActiveCfg = Release|Any CPU
		{857BA902-4D06-42AD-BB41-11AE6AF570F5}.Release|Any CPU.Build.0 = Release|Any CPU
		{857BA902-4D06-42AD-BB41-11AE6AF570F5}.Release|x64.ActiveCfg = Release|Any CPU
		{857BA902-4D06-42AD-BB41-11AE6AF570F5}.Release|x64.Build.0 = Release|Any CPU
		{857BA902-4D06-42AD-BB41-11AE6AF570F5}.Release|x86.ActiveCfg = Release|Any CPU
		{857BA902-4D06-42AD-BB41-11AE6AF570F5}.Release|x86.Build.0 = Release|Any CPU
		{8D75799A-FAF5-4A81-9401-C8AF012547BE}.Debug|Any CPU.ActiveCfg = Debug|Any CPU
		{8D75799A-FAF5-4A81-9401-C8AF012547BE}.Debug|Any CPU.Build.0 = Debug|Any CPU
		{8D75799A-FAF5-4A81-9401-C8AF012547BE}.Debug|x64.ActiveCfg = Debug|Any CPU
		{8D75799A-FAF5-4A81-9401-C8AF012547BE}.Debug|x64.Build.0 = Debug|Any CPU
		{8D75799A-FAF5-4A81-9401-C8AF012547BE}.Debug|x86.ActiveCfg = Debug|Any CPU
		{8D75799A-FAF5-4A81-9401-C8AF012547BE}.Debug|x86.Build.0 = Debug|Any CPU
		{8D75799A-FAF5-4A81-9401-C8AF012547BE}.Release|Any CPU.ActiveCfg = Release|Any CPU
		{8D75799A-FAF5-4A81-9401-C8AF012547BE}.Release|Any CPU.Build.0 = Release|Any CPU
		{8D75799A-FAF5-4A81-9401-C8AF012547BE}.Release|x64.ActiveCfg = Release|Any CPU
		{8D75799A-FAF5-4A81-9401-C8AF012547BE}.Release|x64.Build.0 = Release|Any CPU
		{8D75799A-FAF5-4A81-9401-C8AF012547BE}.Release|x86.ActiveCfg = Release|Any CPU
		{8D75799A-FAF5-4A81-9401-C8AF012547BE}.Release|x86.Build.0 = Release|Any CPU
		{1C336F4B-D691-4B4F-8C37-EF95B3876F63}.Debug|Any CPU.ActiveCfg = Debug|Any CPU
		{1C336F4B-D691-4B4F-8C37-EF95B3876F63}.Debug|Any CPU.Build.0 = Debug|Any CPU
		{1C336F4B-D691-4B4F-8C37-EF95B3876F63}.Debug|x64.ActiveCfg = Debug|Any CPU
		{1C336F4B-D691-4B4F-8C37-EF95B3876F63}.Debug|x64.Build.0 = Debug|Any CPU
		{1C336F4B-D691-4B4F-8C37-EF95B3876F63}.Debug|x86.ActiveCfg = Debug|Any CPU
		{1C336F4B-D691-4B4F-8C37-EF95B3876F63}.Debug|x86.Build.0 = Debug|Any CPU
		{1C336F4B-D691-4B4F-8C37-EF95B3876F63}.Release|Any CPU.ActiveCfg = Release|Any CPU
		{1C336F4B-D691-4B4F-8C37-EF95B3876F63}.Release|Any CPU.Build.0 = Release|Any CPU
		{1C336F4B-D691-4B4F-8C37-EF95B3876F63}.Release|x64.ActiveCfg = Release|Any CPU
		{1C336F4B-D691-4B4F-8C37-EF95B3876F63}.Release|x64.Build.0 = Release|Any CPU
		{1C336F4B-D691-4B4F-8C37-EF95B3876F63}.Release|x86.ActiveCfg = Release|Any CPU
		{1C336F4B-D691-4B4F-8C37-EF95B3876F63}.Release|x86.Build.0 = Release|Any CPU
		{592E8A4A-38A7-42DD-AD9B-A51E55B07D98}.Debug|Any CPU.ActiveCfg = Debug|Any CPU
		{592E8A4A-38A7-42DD-AD9B-A51E55B07D98}.Debug|Any CPU.Build.0 = Debug|Any CPU
		{592E8A4A-38A7-42DD-AD9B-A51E55B07D98}.Debug|x64.ActiveCfg = Debug|Any CPU
		{592E8A4A-38A7-42DD-AD9B-A51E55B07D98}.Debug|x64.Build.0 = Debug|Any CPU
		{592E8A4A-38A7-42DD-AD9B-A51E55B07D98}.Debug|x86.ActiveCfg = Debug|Any CPU
		{592E8A4A-38A7-42DD-AD9B-A51E55B07D98}.Debug|x86.Build.0 = Debug|Any CPU
		{592E8A4A-38A7-42DD-AD9B-A51E55B07D98}.Release|Any CPU.ActiveCfg = Release|Any CPU
		{592E8A4A-38A7-42DD-AD9B-A51E55B07D98}.Release|Any CPU.Build.0 = Release|Any CPU
		{592E8A4A-38A7-42DD-AD9B-A51E55B07D98}.Release|x64.ActiveCfg = Release|Any CPU
		{592E8A4A-38A7-42DD-AD9B-A51E55B07D98}.Release|x64.Build.0 = Release|Any CPU
		{592E8A4A-38A7-42DD-AD9B-A51E55B07D98}.Release|x86.ActiveCfg = Release|Any CPU
		{592E8A4A-38A7-42DD-AD9B-A51E55B07D98}.Release|x86.Build.0 = Release|Any CPU
	EndGlobalSection
	GlobalSection(SolutionProperties) = preSolution
		HideSolutionNode = FALSE
	EndGlobalSection
	GlobalSection(ExtensibilityGlobals) = postSolution
		SolutionGuid = {68BEA335-ECFF-489D-A454-7EA32B845EA6}
	EndGlobalSection
EndGlobal
